
Microsoft Visual Studio Solution File, Format Version 12.00
# Visual Studio 15
VisualStudioVersion = 15.0.26430.14
MinimumVisualStudioVersion = 10.0.40219.1
Project("{FAE04EC0-301F-11D3-BF4B-00C04F79EFBC}") = "webapp", "webapp\webapp.csproj", "{88DECE25-DD3A-4BE8-89C4-F79B45BEEAD7}"
EndProject
Global
	GlobalSection(SolutionConfigurationPlatforms) = preSolution
		Debug|Any CPU = Debug|Any CPU
		Debug|x64 = Debug|x64
		Debug|x86 = Debug|x86
		Release|Any CPU = Release|Any CPU
		Release|x64 = Release|x64
		Release|x86 = Release|x86
	EndGlobalSection
	GlobalSection(ProjectConfigurationPlatforms) = postSolution
		{88DECE25-DD3A-4BE8-89C4-F79B45BEEAD7}.Debug|Any CPU.ActiveCfg = Debug|Any CPU
		{88DECE25-DD3A-4BE8-89C4-F79B45BEEAD7}.Debug|Any CPU.Build.0 = Debug|Any CPU
		{88DECE25-DD3A-4BE8-89C4-F79B45BEEAD7}.Debug|x64.ActiveCfg = Debug|x64
		{88DECE25-DD3A-4BE8-89C4-F79B45BEEAD7}.Debug|x64.Build.0 = Debug|x64
		{88DECE25-DD3A-4BE8-89C4-F79B45BEEAD7}.Debug|x86.ActiveCfg = Debug|Any CPU
		{88DECE25-DD3A-4BE8-89C4-F79B45BEEAD7}.Debug|x86.Build.0 = Debug|Any CPU
		{88DECE25-DD3A-4BE8-89C4-F79B45BEEAD7}.Release|Any CPU.ActiveCfg = Release|Any CPU
		{88DECE25-DD3A-4BE8-89C4-F79B45BEEAD7}.Release|Any CPU.Build.0 = Release|Any CPU
		{88DECE25-DD3A-4BE8-89C4-F79B45BEEAD7}.Release|x64.ActiveCfg = Release|x64
		{88DECE25-DD3A-4BE8-89C4-F79B45BEEAD7}.Release|x64.Build.0 = Release|x64
		{88DECE25-DD3A-4BE8-89C4-F79B45BEEAD7}.Release|x86.ActiveCfg = Release|Any CPU
		{88DECE25-DD3A-4BE8-89C4-F79B45BEEAD7}.Release|x86.Build.0 = Release|Any CPU
	EndGlobalSection
	GlobalSection(SolutionProperties) = preSolution
		HideSolutionNode = FALSE
	EndGlobalSection
	GlobalSection(ExtensibilityGlobals) = postSolution
		SolutionGuid = {D77155F5-7D7C-4ADC-94D0-E4CE5D2F5720}
	EndGlobalSection
EndGlobal
